{
  "version": 4,
  "terraform_version": "1.12.2",
  "serial": 354,
  "lineage": "07465c8c-021e-474d-a6e4-42e0c22a9112",
  "outputs": {
    "bastion_public_ip": {
      "value": "44.204.93.108",
      "type": "string"
    },
    "private_ec2_ip": {
      "value": "10.0.2.231",
      "type": "string"
    }
  },
  "resources": [
    {
      "mode": "managed",
      "type": "aws_eip",
      "name": "nat_eip",
      "provider": "provider[\"registry.terraform.io/hashicorp/aws\"]",
      "instances": [
        {
          "schema_version": 0,
          "attributes": {
            "address": null,
            "allocation_id": "eipalloc-0fed7961b5126d81f",
            "arn": "arn:aws:ec2:us-east-1:057336397122:elastic-ip/eipalloc-0fed7961b5126d81f",
            "associate_with_private_ip": null,
            "association_id": "eipassoc-0f215bd8ecf74423f",
            "carrier_ip": "",
            "customer_owned_ip": "",
            "customer_owned_ipv4_pool": "",
            "domain": "vpc",
            "id": "eipalloc-0fed7961b5126d81f",
            "instance": "",
            "ipam_pool_id": null,
            "network_border_group": "us-east-1",
            "network_interface": "eni-0ade21ced38836fef",
            "private_dns": "ip-10-0-1-151.ec2.internal",
            "private_ip": "10.0.1.151",
            "ptr_record": "",
            "public_dns": "ec2-3-221-232-182.compute-1.amazonaws.com",
            "public_ip": "3.221.232.182",
            "public_ipv4_pool": "amazon",
            "region": "us-east-1",
            "tags": {
              "Environment": "Dev",
              "Owner": "Caleidos",
              "Project": "ACME"
            },
            "tags_all": {
              "Environment": "Dev",
              "Owner": "Caleidos",
              "Project": "ACME"
            },
            "timeouts": null
          },
          "sensitive_attributes": [],
          "identity_schema_version": 0,
          "private": "eyJlMmJmYjczMC1lY2FhLTExZTYtOGY4OC0zNDM2M2JjN2M0YzAiOnsiZGVsZXRlIjoxODAwMDAwMDAwMDAsInJlYWQiOjkwMDAwMDAwMDAwMCwidXBkYXRlIjozMDAwMDAwMDAwMDB9fQ=="
        }
      ]
    },
    {
      "mode": "managed",
      "type": "aws_iam_instance_profile",
      "name": "ec2_profile",
      "provider": "provider[\"registry.terraform.io/hashicorp/aws\"]",
      "instances": [
        {
          "schema_version": 0,
          "attributes": {
            "arn": "arn:aws:iam::057336397122:instance-profile/ec2-profile",
            "create_date": "2025-08-08T05:13:53Z",
            "id": "ec2-profile",
            "name": "ec2-profile",
            "name_prefix": "",
            "path": "/",
            "role": "ec2-s3-cloudwatch-ssm-role",
            "tags": {},
            "tags_all": {},
            "unique_id": "AIPAQ2WMD7VBOYWOIOVHB"
          },
          "sensitive_attributes": [],
          "identity_schema_version": 0,
          "private": "bnVsbA==",
          "dependencies": [
            "aws_iam_role.ec2_role"
          ]
        }
      ]
    },
    {
      "mode": "managed",
      "type": "aws_iam_role",
      "name": "ec2_role",
      "provider": "provider[\"registry.terraform.io/hashicorp/aws\"]",
      "instances": [
        {
          "schema_version": 0,
          "attributes": {
            "arn": "arn:aws:iam::057336397122:role/ec2-s3-cloudwatch-ssm-role",
            "assume_role_policy": "{\"Statement\":[{\"Action\":\"sts:AssumeRole\",\"Effect\":\"Allow\",\"Principal\":{\"Service\":\"ec2.amazonaws.com\"}}],\"Version\":\"2012-10-17\"}",
            "create_date": "2025-08-08T05:13:52Z",
            "description": "",
            "force_detach_policies": false,
            "id": "ec2-s3-cloudwatch-ssm-role",
            "inline_policy": [],
            "managed_policy_arns": [
              "arn:aws:iam::aws:policy/AmazonS3FullAccess",
              "arn:aws:iam::aws:policy/AmazonSSMManagedInstanceCore",
              "arn:aws:iam::aws:policy/CloudWatchAgentServerPolicy"
            ],
            "max_session_duration": 3600,
            "name": "ec2-s3-cloudwatch-ssm-role",
            "name_prefix": "",
            "path": "/",
            "permissions_boundary": "",
            "tags": {
              "Environment": "Dev",
              "Owner": "Caleidos",
              "Project": "ACME"
            },
            "tags_all": {
              "Environment": "Dev",
              "Owner": "Caleidos",
              "Project": "ACME"
            },
            "unique_id": "AROAQ2WMD7VBF3OG3TP3X"
          },
          "sensitive_attributes": [],
          "identity_schema_version": 0,
          "identity": {
            "account_id": "057336397122",
            "name": "ec2-s3-cloudwatch-ssm-role"
          },
          "private": "bnVsbA=="
        }
      ]
    },
    {
      "mode": "managed",
      "type": "aws_iam_role_policy_attachment",
      "name": "cw_attach",
      "provider": "provider[\"registry.terraform.io/hashicorp/aws\"]",
      "instances": [
        {
          "schema_version": 0,
          "attributes": {
            "id": "ec2-s3-cloudwatch-ssm-role/arn:aws:iam::aws:policy/CloudWatchAgentServerPolicy",
            "policy_arn": "arn:aws:iam::aws:policy/CloudWatchAgentServerPolicy",
            "role": "ec2-s3-cloudwatch-ssm-role"
          },
          "sensitive_attributes": [],
          "identity_schema_version": 0,
          "identity": {
            "account_id": "057336397122",
            "policy_arn": "arn:aws:iam::aws:policy/CloudWatchAgentServerPolicy",
            "role": "ec2-s3-cloudwatch-ssm-role"
          },
          "private": "bnVsbA==",
          "dependencies": [
            "aws_iam_role.ec2_role"
          ]
        }
      ]
    },
    {
      "mode": "managed",
      "type": "aws_iam_role_policy_attachment",
      "name": "s3_attach",
      "provider": "provider[\"registry.terraform.io/hashicorp/aws\"]",
      "instances": [
        {
          "schema_version": 0,
          "attributes": {
            "id": "ec2-s3-cloudwatch-ssm-role/arn:aws:iam::aws:policy/AmazonS3FullAccess",
            "policy_arn": "arn:aws:iam::aws:policy/AmazonS3FullAccess",
            "role": "ec2-s3-cloudwatch-ssm-role"
          },
          "sensitive_attributes": [],
          "identity_schema_version": 0,
          "identity": {
            "account_id": "057336397122",
            "policy_arn": "arn:aws:iam::aws:policy/AmazonS3FullAccess",
            "role": "ec2-s3-cloudwatch-ssm-role"
          },
          "private": "bnVsbA==",
          "dependencies": [
            "aws_iam_role.ec2_role"
          ]
        }
      ]
    },
    {
      "mode": "managed",
      "type": "aws_iam_role_policy_attachment",
      "name": "ssm_attach",
      "provider": "provider[\"registry.terraform.io/hashicorp/aws\"]",
      "instances": [
        {
          "schema_version": 0,
          "attributes": {
            "id": "ec2-s3-cloudwatch-ssm-role/arn:aws:iam::aws:policy/AmazonSSMManagedInstanceCore",
            "policy_arn": "arn:aws:iam::aws:policy/AmazonSSMManagedInstanceCore",
            "role": "ec2-s3-cloudwatch-ssm-role"
          },
          "sensitive_attributes": [],
          "identity_schema_version": 0,
          "identity": {
            "account_id": "057336397122",
            "policy_arn": "arn:aws:iam::aws:policy/AmazonSSMManagedInstanceCore",
            "role": "ec2-s3-cloudwatch-ssm-role"
          },
          "private": "bnVsbA==",
          "dependencies": [
            "aws_iam_role.ec2_role"
          ]
        }
      ]
    },
    {
      "mode": "managed",
      "type": "aws_instance",
      "name": "bastion",
      "provider": "provider[\"registry.terraform.io/hashicorp/aws\"]",
      "instances": [
        {
          "schema_version": 2,
          "attributes": {
            "ami": "ami-08a6efd148b1f7504",
            "arn": "arn:aws:ec2:us-east-1:057336397122:instance/i-08b2c5d9a74d2c74c",
            "associate_public_ip_address": true,
            "availability_zone": "us-east-1a",
            "capacity_reservation_specification": [
              {
                "capacity_reservation_preference": "open",
                "capacity_reservation_target": []
              }
            ],
            "cpu_options": [
              {
                "amd_sev_snp": "",
                "core_count": 1,
                "threads_per_core": 2
              }
            ],
            "credit_specification": [
              {
                "cpu_credits": "unlimited"
              }
            ],
            "disable_api_stop": false,
            "disable_api_termination": false,
            "ebs_block_device": [],
            "ebs_optimized": false,
            "enable_primary_ipv6": null,
            "enclave_options": [
              {
                "enabled": false
              }
            ],
            "ephemeral_block_device": [],
            "get_password_data": false,
            "hibernation": false,
            "host_id": "",
            "host_resource_group_arn": null,
            "iam_instance_profile": "ec2-profile",
            "id": "i-08b2c5d9a74d2c74c",
            "instance_initiated_shutdown_behavior": "stop",
            "instance_lifecycle": "",
            "instance_market_options": [],
            "instance_state": "running",
            "instance_type": "t3.micro",
            "ipv6_address_count": 0,
            "ipv6_addresses": [],
            "key_name": "keypair_privado",
            "launch_template": [],
            "maintenance_options": [
              {
                "auto_recovery": "default"
              }
            ],
            "metadata_options": [
              {
                "http_endpoint": "enabled",
                "http_protocol_ipv6": "disabled",
                "http_put_response_hop_limit": 2,
                "http_tokens": "required",
                "instance_metadata_tags": "disabled"
              }
            ],
            "monitoring": false,
            "network_interface": [],
            "outpost_arn": "",
            "password_data": "",
            "placement_group": "",
            "placement_partition_number": 0,
            "primary_network_interface_id": "eni-07575720530113044",
            "private_dns": "ip-10-0-1-13.ec2.internal",
            "private_dns_name_options": [
              {
                "enable_resource_name_dns_a_record": false,
                "enable_resource_name_dns_aaaa_record": false,
                "hostname_type": "ip-name"
              }
            ],
            "private_ip": "10.0.1.13",
            "public_dns": "",
            "public_ip": "44.204.93.108",
            "region": "us-east-1",
            "root_block_device": [
              {
                "delete_on_termination": true,
                "device_name": "/dev/xvda",
                "encrypted": false,
                "iops": 3000,
                "kms_key_id": "",
                "tags": {},
                "tags_all": {},
                "throughput": 125,
                "volume_id": "vol-01971929e0f0650b3",
                "volume_size": 8,
                "volume_type": "gp3"
              }
            ],
            "secondary_private_ips": [],
            "security_groups": [
              "sg-0f3f948ec497e2323"
            ],
            "source_dest_check": true,
            "spot_instance_request_id": "",
            "subnet_id": "subnet-010d8ebb1c016c43c",
            "tags": {
              "Environment": "Dev",
              "Owner": "Caleidos",
              "Project": "ACME"
            },
            "tags_all": {
              "Environment": "Dev",
              "Owner": "Caleidos",
              "Project": "ACME"
            },
            "tenancy": "default",
            "timeouts": null,
            "user_data": "#!/bin/bash\r\naws s3 cp s3://test-1-caleidos-terraform-bucket/keypair_privado.pem /keypair_privado.pem\r\n",
            "user_data_base64": null,
            "user_data_replace_on_change": false,
            "volume_tags": null,
            "vpc_security_group_ids": [
              "sg-0f3f948ec497e2323"
            ]
          },
          "sensitive_attributes": [],
          "identity_schema_version": 0,
          "private": "eyJlMmJmYjczMC1lY2FhLTExZTYtOGY4OC0zNDM2M2JjN2M0YzAiOnsiY3JlYXRlIjo2MDAwMDAwMDAwMDAsImRlbGV0ZSI6MTIwMDAwMDAwMDAwMCwicmVhZCI6OTAwMDAwMDAwMDAwLCJ1cGRhdGUiOjYwMDAwMDAwMDAwMH0sInNjaGVtYV92ZXJzaW9uIjoiMiJ9",
          "dependencies": [
            "aws_iam_instance_profile.ec2_profile",
            "aws_iam_role.ec2_role",
            "aws_key_pair.generated_key",
            "aws_security_group.bastion_sg",
            "aws_subnet.public_1",
            "aws_vpc.main",
            "tls_private_key.my_key"
          ]
        }
      ]
    },
    {
      "mode": "managed",
      "type": "aws_instance",
      "name": "private_ec2",
      "provider": "provider[\"registry.terraform.io/hashicorp/aws\"]",
      "instances": [
        {
          "schema_version": 2,
          "attributes": {
            "ami": "ami-08a6efd148b1f7504",
            "arn": "arn:aws:ec2:us-east-1:057336397122:instance/i-0c6c27d789ebe7965",
            "associate_public_ip_address": false,
            "availability_zone": "us-east-1a",
            "capacity_reservation_specification": [
              {
                "capacity_reservation_preference": "open",
                "capacity_reservation_target": []
              }
            ],
            "cpu_options": [
              {
                "amd_sev_snp": "",
                "core_count": 1,
                "threads_per_core": 2
              }
            ],
            "credit_specification": [
              {
                "cpu_credits": "unlimited"
              }
            ],
            "disable_api_stop": false,
            "disable_api_termination": false,
            "ebs_block_device": [],
            "ebs_optimized": false,
            "enable_primary_ipv6": null,
            "enclave_options": [
              {
                "enabled": false
              }
            ],
            "ephemeral_block_device": [],
            "get_password_data": false,
            "hibernation": false,
            "host_id": "",
            "host_resource_group_arn": null,
            "iam_instance_profile": "ec2-profile",
            "id": "i-0c6c27d789ebe7965",
            "instance_initiated_shutdown_behavior": "stop",
            "instance_lifecycle": "",
            "instance_market_options": [],
            "instance_state": "running",
            "instance_type": "t3.micro",
            "ipv6_address_count": 0,
            "ipv6_addresses": [],
            "key_name": "keypair_privado",
            "launch_template": [],
            "maintenance_options": [
              {
                "auto_recovery": "default"
              }
            ],
            "metadata_options": [
              {
                "http_endpoint": "enabled",
                "http_protocol_ipv6": "disabled",
                "http_put_response_hop_limit": 2,
                "http_tokens": "required",
                "instance_metadata_tags": "disabled"
              }
            ],
            "monitoring": false,
            "network_interface": [],
            "outpost_arn": "",
            "password_data": "",
            "placement_group": "",
            "placement_partition_number": 0,
            "primary_network_interface_id": "eni-01868d117508b3a1c",
            "private_dns": "ip-10-0-2-231.ec2.internal",
            "private_dns_name_options": [
              {
                "enable_resource_name_dns_a_record": false,
                "enable_resource_name_dns_aaaa_record": false,
                "hostname_type": "ip-name"
              }
            ],
            "private_ip": "10.0.2.231",
            "public_dns": "",
            "public_ip": "",
            "region": "us-east-1",
            "root_block_device": [
              {
                "delete_on_termination": true,
                "device_name": "/dev/xvda",
                "encrypted": false,
                "iops": 3000,
                "kms_key_id": "",
                "tags": {},
                "tags_all": {},
                "throughput": 125,
                "volume_id": "vol-05bb175c484693564",
                "volume_size": 8,
                "volume_type": "gp3"
              }
            ],
            "secondary_private_ips": [],
            "security_groups": [],
            "source_dest_check": true,
            "spot_instance_request_id": "",
            "subnet_id": "subnet-0fe89e56ac62e0289",
            "tags": {
              "Environment": "Dev",
              "Owner": "Caleidos",
              "Project": "ACME"
            },
            "tags_all": {
              "Environment": "Dev",
              "Owner": "Caleidos",
              "Project": "ACME"
            },
            "tenancy": "default",
            "timeouts": null,
            "user_data": "",
            "user_data_base64": null,
            "user_data_replace_on_change": false,
            "volume_tags": null,
            "vpc_security_group_ids": [
              "sg-09d8f111427fb5641"
            ]
          },
          "sensitive_attributes": [],
          "identity_schema_version": 0,
          "private": "eyJlMmJmYjczMC1lY2FhLTExZTYtOGY4OC0zNDM2M2JjN2M0YzAiOnsiY3JlYXRlIjo2MDAwMDAwMDAwMDAsImRlbGV0ZSI6MTIwMDAwMDAwMDAwMCwicmVhZCI6OTAwMDAwMDAwMDAwLCJ1cGRhdGUiOjYwMDAwMDAwMDAwMH0sInNjaGVtYV92ZXJzaW9uIjoiMiJ9",
          "dependencies": [
            "aws_iam_instance_profile.ec2_profile",
            "aws_iam_role.ec2_role",
            "aws_key_pair.generated_key",
            "aws_security_group.bastion_sg",
            "aws_security_group.private_sg",
            "aws_subnet.private_1",
            "aws_vpc.main",
            "tls_private_key.my_key"
          ]
        }
      ]
    },
    {
      "mode": "managed",
      "type": "aws_internet_gateway",
      "name": "igw",
      "provider": "provider[\"registry.terraform.io/hashicorp/aws\"]",
      "instances": [
        {
          "schema_version": 0,
          "attributes": {
            "arn": "arn:aws:ec2:us-east-1:057336397122:internet-gateway/igw-0734b2f7701e1a4e7",
            "id": "igw-0734b2f7701e1a4e7",
            "owner_id": "057336397122",
            "region": "us-east-1",
            "tags": {
              "Environment": "Dev",
              "Owner": "Caleidos",
              "Project": "ACME"
            },
            "tags_all": {
              "Environment": "Dev",
              "Owner": "Caleidos",
              "Project": "ACME"
            },
            "timeouts": null,
            "vpc_id": "vpc-0574c5a6d123b5f8f"
          },
          "sensitive_attributes": [],
          "identity_schema_version": 0,
          "private": "eyJlMmJmYjczMC1lY2FhLTExZTYtOGY4OC0zNDM2M2JjN2M0YzAiOnsiY3JlYXRlIjoxMjAwMDAwMDAwMDAwLCJkZWxldGUiOjEyMDAwMDAwMDAwMDAsInVwZGF0ZSI6MTIwMDAwMDAwMDAwMH19",
          "dependencies": [
            "aws_vpc.main"
          ]
        }
      ]
    },
    {
      "mode": "managed",
      "type": "aws_key_pair",
      "name": "generated_key",
      "provider": "provider[\"registry.terraform.io/hashicorp/aws\"]",
      "instances": [
        {
          "schema_version": 1,
          "attributes": {
            "arn": "arn:aws:ec2:us-east-1:057336397122:key-pair/keypair_privado",
            "fingerprint": "3e:1d:85:b4:77:f5:28:7a:76:00:1b:2b:6a:7a:99:e6",
            "id": "keypair_privado",
            "key_name": "keypair_privado",
            "key_name_prefix": "",
            "key_pair_id": "key-01eb5bf520fd8997f",
            "key_type": "rsa",
            "public_key": "ssh-rsa AAAAB3NzaC1yc2EAAAADAQABAAACAQDYjNXd00iP4NYsO71FPNKO4YpKup3H/nzOrVpse9jmL0xuzPmn9oOfcChWXBAKzKnVKPhFGZsofdfaFqj2j/kg8V1b///q3jwb8i32pFr76KZQon82BpPJ+mYKYxZQhpul6+JwkKMGwqz6hip1oJvhtinsfYZVMqk2wTI5BkveLE2WoXBSJJGILk1h/sGAuULPpSZBqpaWETcxl/oCez7+E1dd2G+Fe3GqsFzcqj3MdYF+ieg0jrUwWpm/GTtOX1vqtyJHJs2+vdW5RkAJnOlOz99cBqlZgX2bzNoCLI4OCMpl+eWz+dyUvCUZ84qaMoQ2coTAHwRSBXf9Dt5RLO+eGQ08HO8TfSkr03WS2LJ3lTi7BQwdmX428/+Y7U5eKlR+tGO1dExcNi0C1hmn+7eUnyhKByx9+guSQjIBLJeA2iyPnBJ/9o89Gi+cCb+Ov24OJelybwhCNQd50NYSEqKU4cR3Y3VeZKWMSpDijXkd/qBrQJ02BXCwqAx5MqsFMTMISy9QUeesRU4jrS3Sq1ghGh2d2gABrjDMe65tB3ZYpMpPfy5+Zcol9I6qQml9SH2WISjdwqX1eHJC4a4bv6cWzBNzz0rk7/tO5lfn91RdhZMv6jXhzRz4+YgF5qDVjXRHzvfpQcYwvRb+AgpBC+e1V3W3XLvDDz7c/qhfW7gjAQ==",
            "region": "us-east-1",
            "tags": {},
            "tags_all": {}
          },
          "sensitive_attributes": [],
          "identity_schema_version": 0,
          "private": "eyJzY2hlbWFfdmVyc2lvbiI6IjEifQ==",
          "dependencies": [
            "tls_private_key.my_key"
          ]
        }
      ]
    },
    {
      "mode": "managed",
      "type": "aws_nat_gateway",
      "name": "nat",
      "provider": "provider[\"registry.terraform.io/hashicorp/aws\"]",
      "instances": [
        {
          "schema_version": 0,
          "attributes": {
            "allocation_id": "eipalloc-0fed7961b5126d81f",
            "association_id": "eipassoc-0f215bd8ecf74423f",
            "connectivity_type": "public",
            "id": "nat-03cb21025fbb2130c",
            "network_interface_id": "eni-0ade21ced38836fef",
            "private_ip": "10.0.1.151",
            "public_ip": "3.221.232.182",
            "region": "us-east-1",
            "secondary_allocation_ids": [],
            "secondary_private_ip_address_count": 0,
            "secondary_private_ip_addresses": [],
            "subnet_id": "subnet-010d8ebb1c016c43c",
            "tags": {
              "Environment": "Dev",
              "Owner": "Caleidos",
              "Project": "ACME"
            },
            "tags_all": {
              "Environment": "Dev",
              "Owner": "Caleidos",
              "Project": "ACME"
            },
            "timeouts": null
          },
          "sensitive_attributes": [],
          "identity_schema_version": 0,
          "private": "eyJlMmJmYjczMC1lY2FhLTExZTYtOGY4OC0zNDM2M2JjN2M0YzAiOnsiY3JlYXRlIjo2MDAwMDAwMDAwMDAsImRlbGV0ZSI6MTgwMDAwMDAwMDAwMCwidXBkYXRlIjo2MDAwMDAwMDAwMDB9fQ==",
          "dependencies": [
            "aws_eip.nat_eip",
            "aws_subnet.public_1",
            "aws_vpc.main"
          ]
        }
      ]
    },
    {
      "mode": "managed",
      "type": "aws_route_table",
      "name": "private",
      "provider": "provider[\"registry.terraform.io/hashicorp/aws\"]",
      "instances": [
        {
          "schema_version": 0,
          "attributes": {
            "arn": "arn:aws:ec2:us-east-1:057336397122:route-table/rtb-0a91ae08e3d6a068b",
            "id": "rtb-0a91ae08e3d6a068b",
            "owner_id": "057336397122",
            "propagating_vgws": [],
            "region": "us-east-1",
            "route": [
              {
                "carrier_gateway_id": "",
                "cidr_block": "0.0.0.0/0",
                "core_network_arn": "",
                "destination_prefix_list_id": "",
                "egress_only_gateway_id": "",
                "gateway_id": "",
                "ipv6_cidr_block": "",
                "local_gateway_id": "",
                "nat_gateway_id": "nat-03cb21025fbb2130c",
                "network_interface_id": "",
                "transit_gateway_id": "",
                "vpc_endpoint_id": "",
                "vpc_peering_connection_id": ""
              }
            ],
            "tags": {
              "Environment": "Dev",
              "Owner": "Caleidos",
              "Project": "ACME"
            },
            "tags_all": {
              "Environment": "Dev",
              "Owner": "Caleidos",
              "Project": "ACME"
            },
            "timeouts": null,
            "vpc_id": "vpc-0574c5a6d123b5f8f"
          },
          "sensitive_attributes": [],
          "identity_schema_version": 0,
          "private": "eyJlMmJmYjczMC1lY2FhLTExZTYtOGY4OC0zNDM2M2JjN2M0YzAiOnsiY3JlYXRlIjozMDAwMDAwMDAwMDAsImRlbGV0ZSI6MzAwMDAwMDAwMDAwLCJ1cGRhdGUiOjEyMDAwMDAwMDAwMH19",
          "dependencies": [
            "aws_eip.nat_eip",
            "aws_nat_gateway.nat",
            "aws_subnet.public_1",
            "aws_vpc.main"
          ]
        }
      ]
    },
    {
      "mode": "managed",
      "type": "aws_route_table",
      "name": "public",
      "provider": "provider[\"registry.terraform.io/hashicorp/aws\"]",
      "instances": [
        {
          "schema_version": 0,
          "attributes": {
            "arn": "arn:aws:ec2:us-east-1:057336397122:route-table/rtb-08be028511a2d3586",
            "id": "rtb-08be028511a2d3586",
            "owner_id": "057336397122",
            "propagating_vgws": [],
            "region": "us-east-1",
            "route": [
              {
                "carrier_gateway_id": "",
                "cidr_block": "0.0.0.0/0",
                "core_network_arn": "",
                "destination_prefix_list_id": "",
                "egress_only_gateway_id": "",
                "gateway_id": "igw-0734b2f7701e1a4e7",
                "ipv6_cidr_block": "",
                "local_gateway_id": "",
                "nat_gateway_id": "",
                "network_interface_id": "",
                "transit_gateway_id": "",
                "vpc_endpoint_id": "",
                "vpc_peering_connection_id": ""
              }
            ],
            "tags": {
              "Environment": "Dev",
              "Owner": "Caleidos",
              "Project": "ACME"
            },
            "tags_all": {
              "Environment": "Dev",
              "Owner": "Caleidos",
              "Project": "ACME"
            },
            "timeouts": null,
            "vpc_id": "vpc-0574c5a6d123b5f8f"
          },
          "sensitive_attributes": [],
          "identity_schema_version": 0,
          "private": "eyJlMmJmYjczMC1lY2FhLTExZTYtOGY4OC0zNDM2M2JjN2M0YzAiOnsiY3JlYXRlIjozMDAwMDAwMDAwMDAsImRlbGV0ZSI6MzAwMDAwMDAwMDAwLCJ1cGRhdGUiOjEyMDAwMDAwMDAwMH19",
          "dependencies": [
            "aws_internet_gateway.igw",
            "aws_vpc.main"
          ]
        }
      ]
    },
    {
      "mode": "managed",
      "type": "aws_route_table_association",
      "name": "private_1",
      "provider": "provider[\"registry.terraform.io/hashicorp/aws\"]",
      "instances": [
        {
          "schema_version": 0,
          "attributes": {
            "gateway_id": "",
            "id": "rtbassoc-0e1dbeaeaed1632dc",
            "region": "us-east-1",
            "route_table_id": "rtb-0a91ae08e3d6a068b",
            "subnet_id": "subnet-0fe89e56ac62e0289",
            "timeouts": null
          },
          "sensitive_attributes": [],
          "identity_schema_version": 0,
          "private": "eyJlMmJmYjczMC1lY2FhLTExZTYtOGY4OC0zNDM2M2JjN2M0YzAiOnsiY3JlYXRlIjozMDAwMDAwMDAwMDAsImRlbGV0ZSI6MzAwMDAwMDAwMDAwLCJ1cGRhdGUiOjEyMDAwMDAwMDAwMH19",
          "dependencies": [
            "aws_eip.nat_eip",
            "aws_nat_gateway.nat",
            "aws_route_table.private",
            "aws_subnet.private_1",
            "aws_subnet.public_1",
            "aws_vpc.main"
          ]
        }
      ]
    },
    {
      "mode": "managed",
      "type": "aws_route_table_association",
      "name": "private_2",
      "provider": "provider[\"registry.terraform.io/hashicorp/aws\"]",
      "instances": [
        {
          "schema_version": 0,
          "attributes": {
            "gateway_id": "",
            "id": "rtbassoc-00a5747683a791bf8",
            "region": "us-east-1",
            "route_table_id": "rtb-0a91ae08e3d6a068b",
            "subnet_id": "subnet-09743a19b405bd896",
            "timeouts": null
          },
          "sensitive_attributes": [],
          "identity_schema_version": 0,
          "private": "eyJlMmJmYjczMC1lY2FhLTExZTYtOGY4OC0zNDM2M2JjN2M0YzAiOnsiY3JlYXRlIjozMDAwMDAwMDAwMDAsImRlbGV0ZSI6MzAwMDAwMDAwMDAwLCJ1cGRhdGUiOjEyMDAwMDAwMDAwMH19",
          "dependencies": [
            "aws_eip.nat_eip",
            "aws_nat_gateway.nat",
            "aws_route_table.private",
            "aws_subnet.private_2",
            "aws_subnet.public_1",
            "aws_vpc.main"
          ]
        }
      ]
    },
    {
      "mode": "managed",
      "type": "aws_route_table_association",
      "name": "public_1",
      "provider": "provider[\"registry.terraform.io/hashicorp/aws\"]",
      "instances": [
        {
          "schema_version": 0,
          "attributes": {
            "gateway_id": "",
            "id": "rtbassoc-0d1463bc8ff33ca91",
            "region": "us-east-1",
            "route_table_id": "rtb-08be028511a2d3586",
            "subnet_id": "subnet-010d8ebb1c016c43c",
            "timeouts": null
          },
          "sensitive_attributes": [],
          "identity_schema_version": 0,
          "private": "eyJlMmJmYjczMC1lY2FhLTExZTYtOGY4OC0zNDM2M2JjN2M0YzAiOnsiY3JlYXRlIjozMDAwMDAwMDAwMDAsImRlbGV0ZSI6MzAwMDAwMDAwMDAwLCJ1cGRhdGUiOjEyMDAwMDAwMDAwMH19",
          "dependencies": [
            "aws_internet_gateway.igw",
            "aws_route_table.public",
            "aws_subnet.public_1",
            "aws_vpc.main"
          ]
        }
      ]
    },
    {
      "mode": "managed",
      "type": "aws_route_table_association",
      "name": "public_2",
      "provider": "provider[\"registry.terraform.io/hashicorp/aws\"]",
      "instances": [
        {
          "schema_version": 0,
          "attributes": {
            "gateway_id": "",
            "id": "rtbassoc-0d5e040efad90c972",
            "region": "us-east-1",
            "route_table_id": "rtb-08be028511a2d3586",
            "subnet_id": "subnet-083a3e28aff56e462",
            "timeouts": null
          },
          "sensitive_attributes": [],
          "identity_schema_version": 0,
          "private": "eyJlMmJmYjczMC1lY2FhLTExZTYtOGY4OC0zNDM2M2JjN2M0YzAiOnsiY3JlYXRlIjozMDAwMDAwMDAwMDAsImRlbGV0ZSI6MzAwMDAwMDAwMDAwLCJ1cGRhdGUiOjEyMDAwMDAwMDAwMH19",
          "dependencies": [
            "aws_internet_gateway.igw",
            "aws_route_table.public",
            "aws_subnet.public_2",
            "aws_vpc.main"
          ]
        }
      ]
    },
    {
      "mode": "managed",
      "type": "aws_s3_bucket",
      "name": "my_bucket",
      "provider": "provider[\"registry.terraform.io/hashicorp/aws\"]",
      "instances": [
        {
          "schema_version": 0,
          "attributes": {
            "acceleration_status": "",
            "acl": null,
            "arn": "arn:aws:s3:::test-1-caleidos-terraform-bucket",
            "bucket": "test-1-caleidos-terraform-bucket",
            "bucket_domain_name": "test-1-caleidos-terraform-bucket.s3.amazonaws.com",
            "bucket_prefix": "",
            "bucket_region": "us-east-1",
            "bucket_regional_domain_name": "test-1-caleidos-terraform-bucket.s3.us-east-1.amazonaws.com",
            "cors_rule": [],
            "force_destroy": false,
            "grant": [
              {
                "id": "82ca6bdb36aa424c02a2f33a4b313d012fff2438ee06aa47f7407a8c25ca486e",
                "permissions": [
                  "FULL_CONTROL"
                ],
                "type": "CanonicalUser",
                "uri": ""
              }
            ],
            "hosted_zone_id": "Z3AQBSTGFYJSTF",
            "id": "test-1-caleidos-terraform-bucket",
            "lifecycle_rule": [],
            "logging": [],
            "object_lock_configuration": [],
            "object_lock_enabled": false,
            "policy": "",
            "region": "us-east-1",
            "replication_configuration": [],
            "request_payer": "BucketOwner",
            "server_side_encryption_configuration": [
              {
                "rule": [
                  {
                    "apply_server_side_encryption_by_default": [
                      {
                        "kms_master_key_id": "",
                        "sse_algorithm": "AES256"
                      }
                    ],
                    "bucket_key_enabled": false
                  }
                ]
              }
            ],
            "tags": {
              "Environment": "Dev",
              "Owner": "Caleidos",
              "Project": "ACME"
            },
            "tags_all": {
              "Environment": "Dev",
              "Owner": "Caleidos",
              "Project": "ACME"
            },
            "timeouts": null,
            "versioning": [
              {
                "enabled": false,
                "mfa_delete": false
              }
            ],
            "website": [],
            "website_domain": null,
            "website_endpoint": null
          },
          "sensitive_attributes": [],
          "identity_schema_version": 0,
          "identity": {
            "account_id": "057336397122",
            "bucket": "test-1-caleidos-terraform-bucket",
            "region": "us-east-1"
          },
          "private": "eyJlMmJmYjczMC1lY2FhLTExZTYtOGY4OC0zNDM2M2JjN2M0YzAiOnsiY3JlYXRlIjoxMjAwMDAwMDAwMDAwLCJkZWxldGUiOjM2MDAwMDAwMDAwMDAsInJlYWQiOjEyMDAwMDAwMDAwMDAsInVwZGF0ZSI6MTIwMDAwMDAwMDAwMH19"
        }
      ]
    },
    {
      "mode": "managed",
      "type": "aws_s3_object",
      "name": "my_private_key_s3",
      "provider": "provider[\"registry.terraform.io/hashicorp/aws\"]",
      "instances": [
        {
          "schema_version": 0,
          "attributes": {
            "acl": "private",
            "arn": "arn:aws:s3:::test-1-caleidos-terraform-bucket/keypair_privado.pem",
            "bucket": "test-1-caleidos-terraform-bucket",
            "bucket_key_enabled": false,
            "cache_control": "",
            "checksum_algorithm": null,
            "checksum_crc32": "",
            "checksum_crc32c": "",
            "checksum_crc64nvme": "",
            "checksum_sha1": "",
            "checksum_sha256": "",
            "content": "-----BEGIN RSA PRIVATE KEY-----\nMIIJKgIBAAKCAgEA2IzV3dNIj+DWLDu9RTzSjuGKSrqdx/58zq1abHvY5i9Mbsz5\np/aDn3AoVlwQCsyp1Sj4RRmbKH3X2hao9o/5IPFdW///6t48G/It9qRa++imUKJ/\nNgaTyfpmCmMWUIabpevicJCjBsKs+oYqdaCb4bYp7H2GVTKpNsEyOQZL3ixNlqFw\nUiSRiC5NYf7BgLlCz6UmQaqWlhE3MZf6Ans+/hNXXdhvhXtxqrBc3Ko9zHWBfono\nNI61MFqZvxk7Tl9b6rciRybNvr3VuUZACZzpTs/fXAapWYF9m8zaAiyODgjKZfnl\ns/nclLwlGfOKmjKENnKEwB8EUgV3/Q7eUSzvnhkNPBzvE30pK9N1ktiyd5U4uwUM\nHZl+NvP/mO1OXipUfrRjtXRMXDYtAtYZp/u3lJ8oSgcsffoLkkIyASyXgNosj5wS\nf/aPPRovnAm/jr9uDiXpcm8IQjUHedDWEhKilOHEd2N1XmSljEqQ4o15Hf6ga0Cd\nNgVwsKgMeTKrBTEzCEsvUFHnrEVOI60t0qtYIRodndoAAa4wzHuubQd2WKTKT38u\nfmXKJfSOqkJpfUh9liEo3cKl9XhyQuGuG7+nFswTc89K5O/7TuZX5/dUXYWTL+o1\n4c0c+PmIBeag1Y10R8736UHGML0W/gIKQQvntVd1t1y7ww8+3P6oX1u4IwECAwEA\nAQKCAgABXnYPaYGX3cKy28OS/YsB+dtqRKbg09s5ggNsZEXLMj06Jdf1868yNcb+\ngUVdcRzpfuFfa/WU9mM0AvDJYsB/IKF/xnT5aNNh1JiNaq1z0l0jTTyvRHBAnpFw\nsz7JzmkLXevz/NkX/sjxykF4VgYoQZLfJq2/ygLDeKoS7dcS0e5BY5bCgS5NmWfW\nNNJnuDwbtJJC5+N88kHKYajkJT/xIqGKs4akdhLiUqw6naWnfk5t1Ky78NNEyYzX\nZj8fjCcoSyU3hI94S0pPqhnXabdYnwQtKHJfgUvgTVWrPfl9rZjsdz2IU039f3k/\nUlCj8Anxj2ynC4cnJtdS6Wo2wolHAEy4nlFIxtOiHXlbe3pK62q9MdE9qcdH+6aE\nJKv7BKUHlnpkj5FECekAXOmbZYLtTCN3OYe7wFtVNWzASgZEkGDLHf54RdZiSTP9\ntvrnF7Q8OMuFo4rCDf6l/lGr1mb+hv4GvXf1tAw8AsnhMTxWJ+Q/+VlF1A2PZz3T\nijZsVzMWMU7pRUl/Kbv42caY2BbESkI81/agiULITLp7fGOGo+bpFeL/byo4GYgA\nRZKk6PpScbUigEe7Vh7OcopY5mDq5jx0G2PYcnrGqY5kNwCGCcMebIXjfV0rVaR9\nvROtffvBlEdkwXlYmjxuf9RpN1zpuF7F+vhxlgsUt+M0APzJMQKCAQEA7woC+wYf\nv0QBFQkhtG119/wRWawiPCunKRaA+ZpiO5lLfZc1/IgcxlCnxM+HL1CHpUalG2sx\nFKUZHEd+PAwydXQ9+Iy5Q5P0yLGtmkPwv+iUHNnJj0/M8eLAw0nXIxvGKN+TR2dU\nzkkuRAhpWHnm5ryflSjSYYIBdSL3ycfSmO6apCZHVvpZ3NQ9ha/4DMmbjrtiA30g\n92l+jpjONjsFb1332Mja0d6MQjZrj0UpIRqO+/X1fK4xMTrSvom0lnxF3mPAMhRV\nlOCvCmln9vKHf0bLyhdO9uz+LEQVKoyMO1l6OfNXZHhapg3p10Md1S2ZlxEIjnQ5\nzjsaSnOijw2g0QKCAQEA5+pTj+ChL0uUagVvgXp6jX+ikUUxYSQ2eOyyWOIrgpIf\nAw/6fchGlqWyW/UECC0904aDNbI4QcL2RC3Of+X3OCB5n8Lv3o/ZAWtyBoX154ev\nYxV+Ru73P9ntPwgi8mk7F9yZWRBdOswDzJigrkdh5VHTGcnvWlFXnpedk7MCA7Wb\njqRFJAGMz4DWIQk67x9968HxkRgFglTNeaxoaBsPmBmXYSRKsa1qgUakEMQGiHvo\nWSs1j+6octgWIrp4tVkkBF5uFQk+3ibu5fpN3RegKzKYU6y4I+ekGrmu9uhpgYdl\nt1PewgPplHwho0iOrGTdhGJ1RLrQqsOR6PfnWtVrMQKCAQEAzr3P+iA/0QMWFIWD\nWzPY9hRTRUV1jqkKuKS4BCmckINzITpo/PMUQAl+MOB0wV1bFH1XS7GYD40DfMvw\nyCqcca2J87Byg5ox+mqCBYyBatnTUGikxYh1bzd5FO6GXd0ltDA6h2U9mfT9SOYl\nhtpX9HRraWyXGLKCZDdMLH7hDFhB83sP9JAurKn8U+XwGc889WPnz7CnlJTvWpGa\nuJiviLSzKhH9/8oFcTb0LEPa4MDBrfX6zk0ySqvfneAoCoeNPlzz29xucIcrnUux\nGYqF2nT2yOED8NjktJBl5hkNKD+pUPnAOitF65zZBM8NvFTmJBwdVGf9nvrLMF12\n2VcmIQKCAQEA0j93nhpRRmVImY1v93woGpu5r+WAzMZds+cyEK6KL4d1IfucZefp\nRq3VMtS/4QHS6S8rSMTXh5bOWCUG7qB3LaUTXikF+UmDvGvCJfPQaSRzdmqH3prK\nAFL7aIdh105bSlitlTbmrmVClHtSQG1qbNFvhhOyMLlJq/db3gkNLHu6GOkH3Yqi\nM4Rjm/OYQCzWpaNf8uBKLkvfNA1/YdIWoxegS2rxZH8I7UYzexebrKRYkm4/0srU\nX7lS6A0RXacApg1N0zhcjF3Tex8e8+91P3RQ8JrHHZXlCm2IF0PAUrODHV6ltlKB\nsiGPBU7EObn/sQLpuXN7tTQz1XbZgVm2IQKCAQEAxwjGmkBSelh0Hz4VuEKTxUr/\nYX2i0AyBXM7kdl8FGLCdmmXXvbeq42jkFqCYWPyARWfRVtkDtK7VFlmV0MmvJfnd\nCbq5E3uOi3KEfKUhiDIwsVLt1AbXFirdSh4RZOpF4skvfDIRiZQFr0CJVGR9yPXY\nZSiXXEPOm9Wegk55B0Jrlt1s2xvpY+ql6WanKmrcrycfoB0LcPok1/7uEXIwSH9V\ndY33ev6IcfxFtmnBwYOor9WQFeJcUzAmPGhCFAxxdikV80/Zmzs3dHIhtHxA3KcM\nvNp/QwBY1d/MBJ1LCRDWaXtjSkvc8+WI8f1Ne+lyYaOKQxYvG5Ju0pIVbTqEpg==\n-----END RSA PRIVATE KEY-----\n",
            "content_base64": null,
            "content_disposition": "",
            "content_encoding": "",
            "content_language": "",
            "content_type": "application/octet-stream",
            "etag": "579f6289bd7e180fe6892d5d33c26923",
            "force_destroy": false,
            "id": "test-1-caleidos-terraform-bucket/keypair_privado.pem",
            "key": "keypair_privado.pem",
            "kms_key_id": null,
            "metadata": {},
            "object_lock_legal_hold_status": "",
            "object_lock_mode": "",
            "object_lock_retain_until_date": "",
            "override_provider": [],
            "region": "us-east-1",
            "server_side_encryption": "AES256",
            "source": null,
            "source_hash": null,
            "storage_class": "STANDARD",
            "tags": {},
            "tags_all": {},
            "version_id": "",
            "website_redirect": ""
          },
          "sensitive_attributes": [
            [
              {
                "type": "get_attr",
                "value": "content"
              }
            ]
          ],
          "identity_schema_version": 0,
          "identity": {
            "account_id": "057336397122",
            "bucket": "test-1-caleidos-terraform-bucket",
            "key": "keypair_privado.pem",
            "region": "us-east-1"
          },
          "private": "bnVsbA==",
          "dependencies": [
            "aws_s3_bucket.my_bucket",
            "tls_private_key.my_key"
          ]
        }
      ]
    },
    {
      "mode": "managed",
      "type": "aws_security_group",
      "name": "bastion_sg",
      "provider": "provider[\"registry.terraform.io/hashicorp/aws\"]",
      "instances": [
        {
          "schema_version": 1,
          "attributes": {
            "arn": "arn:aws:ec2:us-east-1:057336397122:security-group/sg-0f3f948ec497e2323",
            "description": "Permitir SSH desde mi IP",
            "egress": [
              {
                "cidr_blocks": [
                  "0.0.0.0/0"
                ],
                "description": "",
                "from_port": 0,
                "ipv6_cidr_blocks": [],
                "prefix_list_ids": [],
                "protocol": "-1",
                "security_groups": [],
                "self": false,
                "to_port": 0
              }
            ],
            "id": "sg-0f3f948ec497e2323",
            "ingress": [
              {
                "cidr_blocks": [
                  "38.25.15.5/32"
                ],
                "description": "",
                "from_port": 22,
                "ipv6_cidr_blocks": [],
                "prefix_list_ids": [],
                "protocol": "tcp",
                "security_groups": [],
                "self": false,
                "to_port": 22
              }
            ],
            "name": "bastion-sg",
            "name_prefix": "",
            "owner_id": "057336397122",
            "region": "us-east-1",
            "revoke_rules_on_delete": false,
            "tags": {
              "Environment": "Dev",
              "Owner": "Caleidos",
              "Project": "ACME"
            },
            "tags_all": {
              "Environment": "Dev",
              "Owner": "Caleidos",
              "Project": "ACME"
            },
            "timeouts": null,
            "vpc_id": "vpc-0574c5a6d123b5f8f"
          },
          "sensitive_attributes": [],
          "identity_schema_version": 0,
          "private": "eyJlMmJmYjczMC1lY2FhLTExZTYtOGY4OC0zNDM2M2JjN2M0YzAiOnsiY3JlYXRlIjo2MDAwMDAwMDAwMDAsImRlbGV0ZSI6OTAwMDAwMDAwMDAwfSwic2NoZW1hX3ZlcnNpb24iOiIxIn0=",
          "dependencies": [
            "aws_vpc.main"
          ]
        }
      ]
    },
    {
      "mode": "managed",
      "type": "aws_security_group",
      "name": "private_sg",
      "provider": "provider[\"registry.terraform.io/hashicorp/aws\"]",
      "instances": [
        {
          "schema_version": 1,
          "attributes": {
            "arn": "arn:aws:ec2:us-east-1:057336397122:security-group/sg-09d8f111427fb5641",
            "description": "Managed by Terraform",
            "egress": [
              {
                "cidr_blocks": [
                  "0.0.0.0/0"
                ],
                "description": "",
                "from_port": 0,
                "ipv6_cidr_blocks": [],
                "prefix_list_ids": [],
                "protocol": "-1",
                "security_groups": [],
                "self": false,
                "to_port": 0
              }
            ],
            "id": "sg-09d8f111427fb5641",
            "ingress": [
              {
                "cidr_blocks": [
                  "0.0.0.0/0"
                ],
                "description": "",
                "from_port": 443,
                "ipv6_cidr_blocks": [],
                "prefix_list_ids": [],
                "protocol": "tcp",
                "security_groups": [],
                "self": false,
                "to_port": 443
              },
              {
                "cidr_blocks": [
                  "0.0.0.0/0"
                ],
                "description": "",
                "from_port": 80,
                "ipv6_cidr_blocks": [],
                "prefix_list_ids": [],
                "protocol": "tcp",
                "security_groups": [],
                "self": false,
                "to_port": 80
              },
              {
                "cidr_blocks": [],
                "description": "",
                "from_port": -1,
                "ipv6_cidr_blocks": [],
                "prefix_list_ids": [],
                "protocol": "icmp",
                "security_groups": [
                  "sg-0f3f948ec497e2323"
                ],
                "self": false,
                "to_port": -1
              },
              {
                "cidr_blocks": [],
                "description": "",
                "from_port": 22,
                "ipv6_cidr_blocks": [],
                "prefix_list_ids": [],
                "protocol": "tcp",
                "security_groups": [
                  "sg-0f3f948ec497e2323"
                ],
                "self": false,
                "to_port": 22
              }
            ],
            "name": "private-ec2-sg",
            "name_prefix": "",
            "owner_id": "057336397122",
            "region": "us-east-1",
            "revoke_rules_on_delete": false,
            "tags": {
              "Environment": "Dev",
              "Owner": "Caleidos",
              "Project": "ACME"
            },
            "tags_all": {
              "Environment": "Dev",
              "Owner": "Caleidos",
              "Project": "ACME"
            },
            "timeouts": null,
            "vpc_id": "vpc-0574c5a6d123b5f8f"
          },
          "sensitive_attributes": [],
          "identity_schema_version": 0,
          "private": "eyJlMmJmYjczMC1lY2FhLTExZTYtOGY4OC0zNDM2M2JjN2M0YzAiOnsiY3JlYXRlIjo2MDAwMDAwMDAwMDAsImRlbGV0ZSI6OTAwMDAwMDAwMDAwfSwic2NoZW1hX3ZlcnNpb24iOiIxIn0=",
          "dependencies": [
            "aws_security_group.bastion_sg",
            "aws_vpc.main"
          ]
        }
      ]
    },
    {
      "mode": "managed",
      "type": "aws_subnet",
      "name": "private_1",
      "provider": "provider[\"registry.terraform.io/hashicorp/aws\"]",
      "instances": [
        {
          "schema_version": 1,
          "attributes": {
            "arn": "arn:aws:ec2:us-east-1:057336397122:subnet/subnet-0fe89e56ac62e0289",
            "assign_ipv6_address_on_creation": false,
            "availability_zone": "us-east-1a",
            "availability_zone_id": "use1-az1",
            "cidr_block": "10.0.2.0/24",
            "customer_owned_ipv4_pool": "",
            "enable_dns64": false,
            "enable_lni_at_device_index": 0,
            "enable_resource_name_dns_a_record_on_launch": false,
            "enable_resource_name_dns_aaaa_record_on_launch": false,
            "id": "subnet-0fe89e56ac62e0289",
            "ipv6_cidr_block": "",
            "ipv6_cidr_block_association_id": "",
            "ipv6_native": false,
            "map_customer_owned_ip_on_launch": false,
            "map_public_ip_on_launch": false,
            "outpost_arn": "",
            "owner_id": "057336397122",
            "private_dns_hostname_type_on_launch": "ip-name",
            "region": "us-east-1",
            "tags": {
              "Environment": "Dev",
              "Owner": "Caleidos",
              "Project": "ACME"
            },
            "tags_all": {
              "Environment": "Dev",
              "Owner": "Caleidos",
              "Project": "ACME"
            },
            "timeouts": null,
            "vpc_id": "vpc-0574c5a6d123b5f8f"
          },
          "sensitive_attributes": [],
          "identity_schema_version": 0,
          "private": "eyJlMmJmYjczMC1lY2FhLTExZTYtOGY4OC0zNDM2M2JjN2M0YzAiOnsiY3JlYXRlIjo2MDAwMDAwMDAwMDAsImRlbGV0ZSI6MTIwMDAwMDAwMDAwMH0sInNjaGVtYV92ZXJzaW9uIjoiMSJ9",
          "dependencies": [
            "aws_vpc.main"
          ]
        }
      ]
    },
    {
      "mode": "managed",
      "type": "aws_subnet",
      "name": "private_2",
      "provider": "provider[\"registry.terraform.io/hashicorp/aws\"]",
      "instances": [
        {
          "schema_version": 1,
          "attributes": {
            "arn": "arn:aws:ec2:us-east-1:057336397122:subnet/subnet-09743a19b405bd896",
            "assign_ipv6_address_on_creation": false,
            "availability_zone": "us-east-1b",
            "availability_zone_id": "use1-az2",
            "cidr_block": "10.0.4.0/24",
            "customer_owned_ipv4_pool": "",
            "enable_dns64": false,
            "enable_lni_at_device_index": 0,
            "enable_resource_name_dns_a_record_on_launch": false,
            "enable_resource_name_dns_aaaa_record_on_launch": false,
            "id": "subnet-09743a19b405bd896",
            "ipv6_cidr_block": "",
            "ipv6_cidr_block_association_id": "",
            "ipv6_native": false,
            "map_customer_owned_ip_on_launch": false,
            "map_public_ip_on_launch": false,
            "outpost_arn": "",
            "owner_id": "057336397122",
            "private_dns_hostname_type_on_launch": "ip-name",
            "region": "us-east-1",
            "tags": {
              "Environment": "Dev",
              "Owner": "Caleidos",
              "Project": "ACME"
            },
            "tags_all": {
              "Environment": "Dev",
              "Owner": "Caleidos",
              "Project": "ACME"
            },
            "timeouts": null,
            "vpc_id": "vpc-0574c5a6d123b5f8f"
          },
          "sensitive_attributes": [],
          "identity_schema_version": 0,
          "private": "eyJlMmJmYjczMC1lY2FhLTExZTYtOGY4OC0zNDM2M2JjN2M0YzAiOnsiY3JlYXRlIjo2MDAwMDAwMDAwMDAsImRlbGV0ZSI6MTIwMDAwMDAwMDAwMH0sInNjaGVtYV92ZXJzaW9uIjoiMSJ9",
          "dependencies": [
            "aws_vpc.main"
          ]
        }
      ]
    },
    {
      "mode": "managed",
      "type": "aws_subnet",
      "name": "public_1",
      "provider": "provider[\"registry.terraform.io/hashicorp/aws\"]",
      "instances": [
        {
          "schema_version": 1,
          "attributes": {
            "arn": "arn:aws:ec2:us-east-1:057336397122:subnet/subnet-010d8ebb1c016c43c",
            "assign_ipv6_address_on_creation": false,
            "availability_zone": "us-east-1a",
            "availability_zone_id": "use1-az1",
            "cidr_block": "10.0.1.0/24",
            "customer_owned_ipv4_pool": "",
            "enable_dns64": false,
            "enable_lni_at_device_index": 0,
            "enable_resource_name_dns_a_record_on_launch": false,
            "enable_resource_name_dns_aaaa_record_on_launch": false,
            "id": "subnet-010d8ebb1c016c43c",
            "ipv6_cidr_block": "",
            "ipv6_cidr_block_association_id": "",
            "ipv6_native": false,
            "map_customer_owned_ip_on_launch": false,
            "map_public_ip_on_launch": true,
            "outpost_arn": "",
            "owner_id": "057336397122",
            "private_dns_hostname_type_on_launch": "ip-name",
            "region": "us-east-1",
            "tags": {
              "Environment": "Dev",
              "Owner": "Caleidos",
              "Project": "ACME"
            },
            "tags_all": {
              "Environment": "Dev",
              "Owner": "Caleidos",
              "Project": "ACME"
            },
            "timeouts": null,
            "vpc_id": "vpc-0574c5a6d123b5f8f"
          },
          "sensitive_attributes": [],
          "identity_schema_version": 0,
          "private": "eyJlMmJmYjczMC1lY2FhLTExZTYtOGY4OC0zNDM2M2JjN2M0YzAiOnsiY3JlYXRlIjo2MDAwMDAwMDAwMDAsImRlbGV0ZSI6MTIwMDAwMDAwMDAwMH0sInNjaGVtYV92ZXJzaW9uIjoiMSJ9",
          "dependencies": [
            "aws_vpc.main"
          ]
        }
      ]
    },
    {
      "mode": "managed",
      "type": "aws_subnet",
      "name": "public_2",
      "provider": "provider[\"registry.terraform.io/hashicorp/aws\"]",
      "instances": [
        {
          "schema_version": 1,
          "attributes": {
            "arn": "arn:aws:ec2:us-east-1:057336397122:subnet/subnet-083a3e28aff56e462",
            "assign_ipv6_address_on_creation": false,
            "availability_zone": "us-east-1b",
            "availability_zone_id": "use1-az2",
            "cidr_block": "10.0.3.0/24",
            "customer_owned_ipv4_pool": "",
            "enable_dns64": false,
            "enable_lni_at_device_index": 0,
            "enable_resource_name_dns_a_record_on_launch": false,
            "enable_resource_name_dns_aaaa_record_on_launch": false,
            "id": "subnet-083a3e28aff56e462",
            "ipv6_cidr_block": "",
            "ipv6_cidr_block_association_id": "",
            "ipv6_native": false,
            "map_customer_owned_ip_on_launch": false,
            "map_public_ip_on_launch": true,
            "outpost_arn": "",
            "owner_id": "057336397122",
            "private_dns_hostname_type_on_launch": "ip-name",
            "region": "us-east-1",
            "tags": {
              "Environment": "Dev",
              "Owner": "Caleidos",
              "Project": "ACME"
            },
            "tags_all": {
              "Environment": "Dev",
              "Owner": "Caleidos",
              "Project": "ACME"
            },
            "timeouts": null,
            "vpc_id": "vpc-0574c5a6d123b5f8f"
          },
          "sensitive_attributes": [],
          "identity_schema_version": 0,
          "private": "eyJlMmJmYjczMC1lY2FhLTExZTYtOGY4OC0zNDM2M2JjN2M0YzAiOnsiY3JlYXRlIjo2MDAwMDAwMDAwMDAsImRlbGV0ZSI6MTIwMDAwMDAwMDAwMH0sInNjaGVtYV92ZXJzaW9uIjoiMSJ9",
          "dependencies": [
            "aws_vpc.main"
          ]
        }
      ]
    },
    {
      "mode": "managed",
      "type": "aws_vpc",
      "name": "main",
      "provider": "provider[\"registry.terraform.io/hashicorp/aws\"]",
      "instances": [
        {
          "schema_version": 1,
          "attributes": {
            "arn": "arn:aws:ec2:us-east-1:057336397122:vpc/vpc-0574c5a6d123b5f8f",
            "assign_generated_ipv6_cidr_block": false,
            "cidr_block": "10.0.0.0/16",
            "default_network_acl_id": "acl-031a4f149ef8071b2",
            "default_route_table_id": "rtb-0a7fd031fb1aa53fc",
            "default_security_group_id": "sg-051a1107f4a2488a4",
            "dhcp_options_id": "dopt-0babc20c73f20d693",
            "enable_dns_hostnames": false,
            "enable_dns_support": true,
            "enable_network_address_usage_metrics": false,
            "id": "vpc-0574c5a6d123b5f8f",
            "instance_tenancy": "default",
            "ipv4_ipam_pool_id": null,
            "ipv4_netmask_length": null,
            "ipv6_association_id": "",
            "ipv6_cidr_block": "",
            "ipv6_cidr_block_network_border_group": "",
            "ipv6_ipam_pool_id": "",
            "ipv6_netmask_length": 0,
            "main_route_table_id": "rtb-0a7fd031fb1aa53fc",
            "owner_id": "057336397122",
            "region": "us-east-1",
            "tags": {
              "Environment": "Dev",
              "Owner": "Caleidos",
              "Project": "ACME"
            },
            "tags_all": {
              "Environment": "Dev",
              "Owner": "Caleidos",
              "Project": "ACME"
            }
          },
          "sensitive_attributes": [],
          "identity_schema_version": 0,
          "private": "eyJzY2hlbWFfdmVyc2lvbiI6IjEifQ=="
        }
      ]
    },
    {
      "mode": "managed",
      "type": "tls_private_key",
      "name": "my_key",
      "provider": "provider[\"registry.terraform.io/hashicorp/tls\"]",
      "instances": [
        {
          "schema_version": 1,
          "attributes": {
            "algorithm": "RSA",
            "ecdsa_curve": "P224",
            "id": "f66398a11205efd2b3bad9e13111d15d1e9cd94a",
            "private_key_openssh": "-----BEGIN OPENSSH PRIVATE KEY-----\nb3BlbnNzaC1rZXktdjEAAAAABG5vbmUAAAAEbm9uZQAAAAAAAAABAAACFwAAAAdz\nc2gtcnNhAAAAAwEAAQAAAgEA2IzV3dNIj+DWLDu9RTzSjuGKSrqdx/58zq1abHvY\n5i9Mbsz5p/aDn3AoVlwQCsyp1Sj4RRmbKH3X2hao9o/5IPFdW///6t48G/It9qRa\n++imUKJ/NgaTyfpmCmMWUIabpevicJCjBsKs+oYqdaCb4bYp7H2GVTKpNsEyOQZL\n3ixNlqFwUiSRiC5NYf7BgLlCz6UmQaqWlhE3MZf6Ans+/hNXXdhvhXtxqrBc3Ko9\nzHWBfonoNI61MFqZvxk7Tl9b6rciRybNvr3VuUZACZzpTs/fXAapWYF9m8zaAiyO\nDgjKZfnls/nclLwlGfOKmjKENnKEwB8EUgV3/Q7eUSzvnhkNPBzvE30pK9N1ktiy\nd5U4uwUMHZl+NvP/mO1OXipUfrRjtXRMXDYtAtYZp/u3lJ8oSgcsffoLkkIyASyX\ngNosj5wSf/aPPRovnAm/jr9uDiXpcm8IQjUHedDWEhKilOHEd2N1XmSljEqQ4o15\nHf6ga0CdNgVwsKgMeTKrBTEzCEsvUFHnrEVOI60t0qtYIRodndoAAa4wzHuubQd2\nWKTKT38ufmXKJfSOqkJpfUh9liEo3cKl9XhyQuGuG7+nFswTc89K5O/7TuZX5/dU\nXYWTL+o14c0c+PmIBeag1Y10R8736UHGML0W/gIKQQvntVd1t1y7ww8+3P6oX1u4\nIwEAAAc42ktzgdpLc4EAAAAHc3NoLXJzYQAAAgEA2IzV3dNIj+DWLDu9RTzSjuGK\nSrqdx/58zq1abHvY5i9Mbsz5p/aDn3AoVlwQCsyp1Sj4RRmbKH3X2hao9o/5IPFd\nW///6t48G/It9qRa++imUKJ/NgaTyfpmCmMWUIabpevicJCjBsKs+oYqdaCb4bYp\n7H2GVTKpNsEyOQZL3ixNlqFwUiSRiC5NYf7BgLlCz6UmQaqWlhE3MZf6Ans+/hNX\nXdhvhXtxqrBc3Ko9zHWBfonoNI61MFqZvxk7Tl9b6rciRybNvr3VuUZACZzpTs/f\nXAapWYF9m8zaAiyODgjKZfnls/nclLwlGfOKmjKENnKEwB8EUgV3/Q7eUSzvnhkN\nPBzvE30pK9N1ktiyd5U4uwUMHZl+NvP/mO1OXipUfrRjtXRMXDYtAtYZp/u3lJ8o\nSgcsffoLkkIyASyXgNosj5wSf/aPPRovnAm/jr9uDiXpcm8IQjUHedDWEhKilOHE\nd2N1XmSljEqQ4o15Hf6ga0CdNgVwsKgMeTKrBTEzCEsvUFHnrEVOI60t0qtYIRod\nndoAAa4wzHuubQd2WKTKT38ufmXKJfSOqkJpfUh9liEo3cKl9XhyQuGuG7+nFswT\nc89K5O/7TuZX5/dUXYWTL+o14c0c+PmIBeag1Y10R8736UHGML0W/gIKQQvntVd1\nt1y7ww8+3P6oX1u4IwEAAAADAQABAAACAAFedg9pgZfdwrLbw5L9iwH522pEpuDT\n2zmCA2xkRcsyPTol1/XzrzI1xv6BRV1xHOl+4V9r9ZT2YzQC8MliwH8goX/GdPlo\n02HUmI1qrXPSXSNNPK9EcECekXCzPsnOaQtd6/P82Rf+yPHKQXhWBihBkt8mrb/K\nAsN4qhLt1xLR7kFjlsKBLk2ZZ9Y00me4PBu0kkLn43zyQcphqOQlP/EioYqzhqR2\nEuJSrDqdpad+Tm3UrLvw00TJjNdmPx+MJyhLJTeEj3hLSk+qGddpt1ifBC0ocl+B\nS+BNVas9+X2tmOx3PYhTTf1/eT9SUKPwCfGPbKcLhycm11LpajbCiUcATLieUUjG\n06IdeVt7ekrrar0x0T2px0f7poQkq/sEpQeWemSPkUQJ6QBc6Ztlgu1MI3c5h7vA\nW1U1bMBKBkSQYMsd/nhF1mJJM/22+ucXtDw4y4WjisIN/qX+UavWZv6G/ga9d/W0\nDDwCyeExPFYn5D/5WUXUDY9nPdOKNmxXMxYxTulFSX8pu/jZxpjYFsRKQjzX9qCJ\nQshMunt8Y4aj5ukV4v9vKjgZiABFkqTo+lJxtSKAR7tWHs5yiljmYOrmPHQbY9hy\nesapjmQ3AIYJwx5sheN9XStVpH29E619+8GUR2TBeViaPG5/1Gk3XOm4XsX6+HGW\nCxS34zQA/MkxAAABAQDHCMaaQFJ6WHQfPhW4QpPFSv9hfaLQDIFczuR2XwUYsJ2a\nZde9t6rjaOQWoJhY/IBFZ9FW2QO0rtUWWZXQya8l+d0JurkTe46LcoR8pSGIMjCx\nUu3UBtcWKt1KHhFk6kXiyS98MhGJlAWvQIlUZH3I9dhlKJdcQ86b1Z6CTnkHQmuW\n3WzbG+lj6qXpZqcqatyvJx+gHQtw+iTX/u4RcjBIf1V1jfd6/ohx/EW2acHBg6iv\n1ZAV4lxTMCY8aEIUDHF2KRXzT9mbOzd0ciG0fEDcpwy82n9DAFjV38wEnUsJENZp\ne2NKS9zz5Yjx/U176XJho4pDFi8bkm7SkhVtOoSmAAABAQDvCgL7Bh+/RAEVCSG0\nbXX3/BFZrCI8K6cpFoD5mmI7mUt9lzX8iBzGUKfEz4cvUIelRqUbazEUpRkcR348\nDDJ1dD34jLlDk/TIsa2aQ/C/6JQc2cmPT8zx4sDDSdcjG8Yo35NHZ1TOSS5ECGlY\neebmvJ+VKNJhggF1IvfJx9KY7pqkJkdW+lnc1D2Fr/gMyZuOu2IDfSD3aX6OmM42\nOwVvXffYyNrR3oxCNmuPRSkhGo779fV8rjExOtK+ibSWfEXeY8AyFFWU4K8KaWf2\n8od/RsvKF0727P4sRBUqjIw7WXo581dkeFqmDenXQx3VLZmXEQiOdDnOOxpKc6KP\nDaDRAAABAQDn6lOP4KEvS5RqBW+BenqNf6KRRTFhJDZ47LJY4iuCkh8DD/p9yEaW\npbJb9QQILT3ThoM1sjhBwvZELc5/5fc4IHmfwu/ej9kBa3IGhfXnh69jFX5G7vc/\n2e0/CCLyaTsX3JlZEF06zAPMmKCuR2HlUdMZye9aUVeel52TswIDtZuOpEUkAYzP\ngNYhCTrvH33rwfGRGAWCVM15rGhoGw+YGZdhJEqxrWqBRqQQxAaIe+hZKzWP7qhy\n2BYiuni1WSQEXm4VCT7eJu7l+k3dF6ArMphTrLgj56Qaua726GmBh2W3U97CA+mU\nfCGjSI6sZN2EYnVEutCqw5Ho9+da1WsxAAAAAAEC\n-----END OPENSSH PRIVATE KEY-----\n",
            "private_key_pem": "-----BEGIN RSA PRIVATE KEY-----\nMIIJKgIBAAKCAgEA2IzV3dNIj+DWLDu9RTzSjuGKSrqdx/58zq1abHvY5i9Mbsz5\np/aDn3AoVlwQCsyp1Sj4RRmbKH3X2hao9o/5IPFdW///6t48G/It9qRa++imUKJ/\nNgaTyfpmCmMWUIabpevicJCjBsKs+oYqdaCb4bYp7H2GVTKpNsEyOQZL3ixNlqFw\nUiSRiC5NYf7BgLlCz6UmQaqWlhE3MZf6Ans+/hNXXdhvhXtxqrBc3Ko9zHWBfono\nNI61MFqZvxk7Tl9b6rciRybNvr3VuUZACZzpTs/fXAapWYF9m8zaAiyODgjKZfnl\ns/nclLwlGfOKmjKENnKEwB8EUgV3/Q7eUSzvnhkNPBzvE30pK9N1ktiyd5U4uwUM\nHZl+NvP/mO1OXipUfrRjtXRMXDYtAtYZp/u3lJ8oSgcsffoLkkIyASyXgNosj5wS\nf/aPPRovnAm/jr9uDiXpcm8IQjUHedDWEhKilOHEd2N1XmSljEqQ4o15Hf6ga0Cd\nNgVwsKgMeTKrBTEzCEsvUFHnrEVOI60t0qtYIRodndoAAa4wzHuubQd2WKTKT38u\nfmXKJfSOqkJpfUh9liEo3cKl9XhyQuGuG7+nFswTc89K5O/7TuZX5/dUXYWTL+o1\n4c0c+PmIBeag1Y10R8736UHGML0W/gIKQQvntVd1t1y7ww8+3P6oX1u4IwECAwEA\nAQKCAgABXnYPaYGX3cKy28OS/YsB+dtqRKbg09s5ggNsZEXLMj06Jdf1868yNcb+\ngUVdcRzpfuFfa/WU9mM0AvDJYsB/IKF/xnT5aNNh1JiNaq1z0l0jTTyvRHBAnpFw\nsz7JzmkLXevz/NkX/sjxykF4VgYoQZLfJq2/ygLDeKoS7dcS0e5BY5bCgS5NmWfW\nNNJnuDwbtJJC5+N88kHKYajkJT/xIqGKs4akdhLiUqw6naWnfk5t1Ky78NNEyYzX\nZj8fjCcoSyU3hI94S0pPqhnXabdYnwQtKHJfgUvgTVWrPfl9rZjsdz2IU039f3k/\nUlCj8Anxj2ynC4cnJtdS6Wo2wolHAEy4nlFIxtOiHXlbe3pK62q9MdE9qcdH+6aE\nJKv7BKUHlnpkj5FECekAXOmbZYLtTCN3OYe7wFtVNWzASgZEkGDLHf54RdZiSTP9\ntvrnF7Q8OMuFo4rCDf6l/lGr1mb+hv4GvXf1tAw8AsnhMTxWJ+Q/+VlF1A2PZz3T\nijZsVzMWMU7pRUl/Kbv42caY2BbESkI81/agiULITLp7fGOGo+bpFeL/byo4GYgA\nRZKk6PpScbUigEe7Vh7OcopY5mDq5jx0G2PYcnrGqY5kNwCGCcMebIXjfV0rVaR9\nvROtffvBlEdkwXlYmjxuf9RpN1zpuF7F+vhxlgsUt+M0APzJMQKCAQEA7woC+wYf\nv0QBFQkhtG119/wRWawiPCunKRaA+ZpiO5lLfZc1/IgcxlCnxM+HL1CHpUalG2sx\nFKUZHEd+PAwydXQ9+Iy5Q5P0yLGtmkPwv+iUHNnJj0/M8eLAw0nXIxvGKN+TR2dU\nzkkuRAhpWHnm5ryflSjSYYIBdSL3ycfSmO6apCZHVvpZ3NQ9ha/4DMmbjrtiA30g\n92l+jpjONjsFb1332Mja0d6MQjZrj0UpIRqO+/X1fK4xMTrSvom0lnxF3mPAMhRV\nlOCvCmln9vKHf0bLyhdO9uz+LEQVKoyMO1l6OfNXZHhapg3p10Md1S2ZlxEIjnQ5\nzjsaSnOijw2g0QKCAQEA5+pTj+ChL0uUagVvgXp6jX+ikUUxYSQ2eOyyWOIrgpIf\nAw/6fchGlqWyW/UECC0904aDNbI4QcL2RC3Of+X3OCB5n8Lv3o/ZAWtyBoX154ev\nYxV+Ru73P9ntPwgi8mk7F9yZWRBdOswDzJigrkdh5VHTGcnvWlFXnpedk7MCA7Wb\njqRFJAGMz4DWIQk67x9968HxkRgFglTNeaxoaBsPmBmXYSRKsa1qgUakEMQGiHvo\nWSs1j+6octgWIrp4tVkkBF5uFQk+3ibu5fpN3RegKzKYU6y4I+ekGrmu9uhpgYdl\nt1PewgPplHwho0iOrGTdhGJ1RLrQqsOR6PfnWtVrMQKCAQEAzr3P+iA/0QMWFIWD\nWzPY9hRTRUV1jqkKuKS4BCmckINzITpo/PMUQAl+MOB0wV1bFH1XS7GYD40DfMvw\nyCqcca2J87Byg5ox+mqCBYyBatnTUGikxYh1bzd5FO6GXd0ltDA6h2U9mfT9SOYl\nhtpX9HRraWyXGLKCZDdMLH7hDFhB83sP9JAurKn8U+XwGc889WPnz7CnlJTvWpGa\nuJiviLSzKhH9/8oFcTb0LEPa4MDBrfX6zk0ySqvfneAoCoeNPlzz29xucIcrnUux\nGYqF2nT2yOED8NjktJBl5hkNKD+pUPnAOitF65zZBM8NvFTmJBwdVGf9nvrLMF12\n2VcmIQKCAQEA0j93nhpRRmVImY1v93woGpu5r+WAzMZds+cyEK6KL4d1IfucZefp\nRq3VMtS/4QHS6S8rSMTXh5bOWCUG7qB3LaUTXikF+UmDvGvCJfPQaSRzdmqH3prK\nAFL7aIdh105bSlitlTbmrmVClHtSQG1qbNFvhhOyMLlJq/db3gkNLHu6GOkH3Yqi\nM4Rjm/OYQCzWpaNf8uBKLkvfNA1/YdIWoxegS2rxZH8I7UYzexebrKRYkm4/0srU\nX7lS6A0RXacApg1N0zhcjF3Tex8e8+91P3RQ8JrHHZXlCm2IF0PAUrODHV6ltlKB\nsiGPBU7EObn/sQLpuXN7tTQz1XbZgVm2IQKCAQEAxwjGmkBSelh0Hz4VuEKTxUr/\nYX2i0AyBXM7kdl8FGLCdmmXXvbeq42jkFqCYWPyARWfRVtkDtK7VFlmV0MmvJfnd\nCbq5E3uOi3KEfKUhiDIwsVLt1AbXFirdSh4RZOpF4skvfDIRiZQFr0CJVGR9yPXY\nZSiXXEPOm9Wegk55B0Jrlt1s2xvpY+ql6WanKmrcrycfoB0LcPok1/7uEXIwSH9V\ndY33ev6IcfxFtmnBwYOor9WQFeJcUzAmPGhCFAxxdikV80/Zmzs3dHIhtHxA3KcM\nvNp/QwBY1d/MBJ1LCRDWaXtjSkvc8+WI8f1Ne+lyYaOKQxYvG5Ju0pIVbTqEpg==\n-----END RSA PRIVATE KEY-----\n",
            "private_key_pem_pkcs8": "-----BEGIN PRIVATE KEY-----\nMIIJRAIBADANBgkqhkiG9w0BAQEFAASCCS4wggkqAgEAAoICAQDYjNXd00iP4NYs\nO71FPNKO4YpKup3H/nzOrVpse9jmL0xuzPmn9oOfcChWXBAKzKnVKPhFGZsofdfa\nFqj2j/kg8V1b///q3jwb8i32pFr76KZQon82BpPJ+mYKYxZQhpul6+JwkKMGwqz6\nhip1oJvhtinsfYZVMqk2wTI5BkveLE2WoXBSJJGILk1h/sGAuULPpSZBqpaWETcx\nl/oCez7+E1dd2G+Fe3GqsFzcqj3MdYF+ieg0jrUwWpm/GTtOX1vqtyJHJs2+vdW5\nRkAJnOlOz99cBqlZgX2bzNoCLI4OCMpl+eWz+dyUvCUZ84qaMoQ2coTAHwRSBXf9\nDt5RLO+eGQ08HO8TfSkr03WS2LJ3lTi7BQwdmX428/+Y7U5eKlR+tGO1dExcNi0C\n1hmn+7eUnyhKByx9+guSQjIBLJeA2iyPnBJ/9o89Gi+cCb+Ov24OJelybwhCNQd5\n0NYSEqKU4cR3Y3VeZKWMSpDijXkd/qBrQJ02BXCwqAx5MqsFMTMISy9QUeesRU4j\nrS3Sq1ghGh2d2gABrjDMe65tB3ZYpMpPfy5+Zcol9I6qQml9SH2WISjdwqX1eHJC\n4a4bv6cWzBNzz0rk7/tO5lfn91RdhZMv6jXhzRz4+YgF5qDVjXRHzvfpQcYwvRb+\nAgpBC+e1V3W3XLvDDz7c/qhfW7gjAQIDAQABAoICAAFedg9pgZfdwrLbw5L9iwH5\n22pEpuDT2zmCA2xkRcsyPTol1/XzrzI1xv6BRV1xHOl+4V9r9ZT2YzQC8MliwH8g\noX/GdPlo02HUmI1qrXPSXSNNPK9EcECekXCzPsnOaQtd6/P82Rf+yPHKQXhWBihB\nkt8mrb/KAsN4qhLt1xLR7kFjlsKBLk2ZZ9Y00me4PBu0kkLn43zyQcphqOQlP/Ei\noYqzhqR2EuJSrDqdpad+Tm3UrLvw00TJjNdmPx+MJyhLJTeEj3hLSk+qGddpt1if\nBC0ocl+BS+BNVas9+X2tmOx3PYhTTf1/eT9SUKPwCfGPbKcLhycm11LpajbCiUcA\nTLieUUjG06IdeVt7ekrrar0x0T2px0f7poQkq/sEpQeWemSPkUQJ6QBc6Ztlgu1M\nI3c5h7vAW1U1bMBKBkSQYMsd/nhF1mJJM/22+ucXtDw4y4WjisIN/qX+UavWZv6G\n/ga9d/W0DDwCyeExPFYn5D/5WUXUDY9nPdOKNmxXMxYxTulFSX8pu/jZxpjYFsRK\nQjzX9qCJQshMunt8Y4aj5ukV4v9vKjgZiABFkqTo+lJxtSKAR7tWHs5yiljmYOrm\nPHQbY9hyesapjmQ3AIYJwx5sheN9XStVpH29E619+8GUR2TBeViaPG5/1Gk3XOm4\nXsX6+HGWCxS34zQA/MkxAoIBAQDvCgL7Bh+/RAEVCSG0bXX3/BFZrCI8K6cpFoD5\nmmI7mUt9lzX8iBzGUKfEz4cvUIelRqUbazEUpRkcR348DDJ1dD34jLlDk/TIsa2a\nQ/C/6JQc2cmPT8zx4sDDSdcjG8Yo35NHZ1TOSS5ECGlYeebmvJ+VKNJhggF1IvfJ\nx9KY7pqkJkdW+lnc1D2Fr/gMyZuOu2IDfSD3aX6OmM42OwVvXffYyNrR3oxCNmuP\nRSkhGo779fV8rjExOtK+ibSWfEXeY8AyFFWU4K8KaWf28od/RsvKF0727P4sRBUq\njIw7WXo581dkeFqmDenXQx3VLZmXEQiOdDnOOxpKc6KPDaDRAoIBAQDn6lOP4KEv\nS5RqBW+BenqNf6KRRTFhJDZ47LJY4iuCkh8DD/p9yEaWpbJb9QQILT3ThoM1sjhB\nwvZELc5/5fc4IHmfwu/ej9kBa3IGhfXnh69jFX5G7vc/2e0/CCLyaTsX3JlZEF06\nzAPMmKCuR2HlUdMZye9aUVeel52TswIDtZuOpEUkAYzPgNYhCTrvH33rwfGRGAWC\nVM15rGhoGw+YGZdhJEqxrWqBRqQQxAaIe+hZKzWP7qhy2BYiuni1WSQEXm4VCT7e\nJu7l+k3dF6ArMphTrLgj56Qaua726GmBh2W3U97CA+mUfCGjSI6sZN2EYnVEutCq\nw5Ho9+da1WsxAoIBAQDOvc/6ID/RAxYUhYNbM9j2FFNFRXWOqQq4pLgEKZyQg3Mh\nOmj88xRACX4w4HTBXVsUfVdLsZgPjQN8y/DIKpxxrYnzsHKDmjH6aoIFjIFq2dNQ\naKTFiHVvN3kU7oZd3SW0MDqHZT2Z9P1I5iWG2lf0dGtpbJcYsoJkN0wsfuEMWEHz\new/0kC6sqfxT5fAZzzz1Y+fPsKeUlO9akZq4mK+ItLMqEf3/ygVxNvQsQ9rgwMGt\n9frOTTJKq9+d4CgKh40+XPPb3G5whyudS7EZioXadPbI4QPw2OS0kGXmGQ0oP6lQ\n+cA6K0XrnNkEzw28VOYkHB1UZ/2e+sswXXbZVyYhAoIBAQDSP3eeGlFGZUiZjW/3\nfCgam7mv5YDMxl2z5zIQroovh3Uh+5xl5+lGrdUy1L/hAdLpLytIxNeHls5YJQbu\noHctpRNeKQX5SYO8a8Il89BpJHN2aofemsoAUvtoh2HXTltKWK2VNuauZUKUe1JA\nbWps0W+GE7IwuUmr91veCQ0se7oY6QfdiqIzhGOb85hALNalo1/y4EouS980DX9h\n0hajF6BLavFkfwjtRjN7F5uspFiSbj/SytRfuVLoDRFdpwCmDU3TOFyMXdN7Hx7z\n73U/dFDwmscdleUKbYgXQ8BSs4MdXqW2UoGyIY8FTsQ5uf+xAum5c3u1NDPVdtmB\nWbYhAoIBAQDHCMaaQFJ6WHQfPhW4QpPFSv9hfaLQDIFczuR2XwUYsJ2aZde9t6rj\naOQWoJhY/IBFZ9FW2QO0rtUWWZXQya8l+d0JurkTe46LcoR8pSGIMjCxUu3UBtcW\nKt1KHhFk6kXiyS98MhGJlAWvQIlUZH3I9dhlKJdcQ86b1Z6CTnkHQmuW3WzbG+lj\n6qXpZqcqatyvJx+gHQtw+iTX/u4RcjBIf1V1jfd6/ohx/EW2acHBg6iv1ZAV4lxT\nMCY8aEIUDHF2KRXzT9mbOzd0ciG0fEDcpwy82n9DAFjV38wEnUsJENZpe2NKS9zz\n5Yjx/U176XJho4pDFi8bkm7SkhVtOoSm\n-----END PRIVATE KEY-----\n",
            "public_key_fingerprint_md5": "94:23:af:ce:fb:b0:92:4c:0e:01:7d:fa:bc:c9:4f:54",
            "public_key_fingerprint_sha256": "SHA256:9knN+whrQJrUP/XYcK4kCVb0DxJxhuvb1y3tXWWy9L8",
            "public_key_openssh": "ssh-rsa AAAAB3NzaC1yc2EAAAADAQABAAACAQDYjNXd00iP4NYsO71FPNKO4YpKup3H/nzOrVpse9jmL0xuzPmn9oOfcChWXBAKzKnVKPhFGZsofdfaFqj2j/kg8V1b///q3jwb8i32pFr76KZQon82BpPJ+mYKYxZQhpul6+JwkKMGwqz6hip1oJvhtinsfYZVMqk2wTI5BkveLE2WoXBSJJGILk1h/sGAuULPpSZBqpaWETcxl/oCez7+E1dd2G+Fe3GqsFzcqj3MdYF+ieg0jrUwWpm/GTtOX1vqtyJHJs2+vdW5RkAJnOlOz99cBqlZgX2bzNoCLI4OCMpl+eWz+dyUvCUZ84qaMoQ2coTAHwRSBXf9Dt5RLO+eGQ08HO8TfSkr03WS2LJ3lTi7BQwdmX428/+Y7U5eKlR+tGO1dExcNi0C1hmn+7eUnyhKByx9+guSQjIBLJeA2iyPnBJ/9o89Gi+cCb+Ov24OJelybwhCNQd50NYSEqKU4cR3Y3VeZKWMSpDijXkd/qBrQJ02BXCwqAx5MqsFMTMISy9QUeesRU4jrS3Sq1ghGh2d2gABrjDMe65tB3ZYpMpPfy5+Zcol9I6qQml9SH2WISjdwqX1eHJC4a4bv6cWzBNzz0rk7/tO5lfn91RdhZMv6jXhzRz4+YgF5qDVjXRHzvfpQcYwvRb+AgpBC+e1V3W3XLvDDz7c/qhfW7gjAQ==\n",
            "public_key_pem": "-----BEGIN PUBLIC KEY-----\nMIICIjANBgkqhkiG9w0BAQEFAAOCAg8AMIICCgKCAgEA2IzV3dNIj+DWLDu9RTzS\njuGKSrqdx/58zq1abHvY5i9Mbsz5p/aDn3AoVlwQCsyp1Sj4RRmbKH3X2hao9o/5\nIPFdW///6t48G/It9qRa++imUKJ/NgaTyfpmCmMWUIabpevicJCjBsKs+oYqdaCb\n4bYp7H2GVTKpNsEyOQZL3ixNlqFwUiSRiC5NYf7BgLlCz6UmQaqWlhE3MZf6Ans+\n/hNXXdhvhXtxqrBc3Ko9zHWBfonoNI61MFqZvxk7Tl9b6rciRybNvr3VuUZACZzp\nTs/fXAapWYF9m8zaAiyODgjKZfnls/nclLwlGfOKmjKENnKEwB8EUgV3/Q7eUSzv\nnhkNPBzvE30pK9N1ktiyd5U4uwUMHZl+NvP/mO1OXipUfrRjtXRMXDYtAtYZp/u3\nlJ8oSgcsffoLkkIyASyXgNosj5wSf/aPPRovnAm/jr9uDiXpcm8IQjUHedDWEhKi\nlOHEd2N1XmSljEqQ4o15Hf6ga0CdNgVwsKgMeTKrBTEzCEsvUFHnrEVOI60t0qtY\nIRodndoAAa4wzHuubQd2WKTKT38ufmXKJfSOqkJpfUh9liEo3cKl9XhyQuGuG7+n\nFswTc89K5O/7TuZX5/dUXYWTL+o14c0c+PmIBeag1Y10R8736UHGML0W/gIKQQvn\ntVd1t1y7ww8+3P6oX1u4IwECAwEAAQ==\n-----END PUBLIC KEY-----\n",
            "rsa_bits": 4096
          },
          "sensitive_attributes": [
            [
              {
                "type": "get_attr",
                "value": "private_key_openssh"
              }
            ],
            [
              {
                "type": "get_attr",
                "value": "private_key_pem"
              }
            ],
            [
              {
                "type": "get_attr",
                "value": "private_key_pem_pkcs8"
              }
            ]
          ],
          "identity_schema_version": 0
        }
      ]
    }
  ],
  "check_results": null
}
